
Microsoft Visual Studio Solution File, Format Version 11.00
# Visual Studio 2010
Project("{FAE04EC0-301F-11D3-BF4B-00C04F79EFBC}") = "Assembly-CSharp", "Assembly-CSharp.csproj", "{AB36F5A5-7435-A3AB-C999-3E3DC9C07367}"
EndProject
Project("{FAE04EC0-301F-11D3-BF4B-00C04F79EFBC}") = "Assembly-CSharp-firstpass", "Assembly-CSharp-firstpass.csproj", "{44BB83D0-D60F-C2DE-9B1F-6134A2CF4121}"
EndProject
Project("{FAE04EC0-301F-11D3-BF4B-00C04F79EFBC}") = "Assembly-CSharp-Editor", "Assembly-CSharp-Editor.csproj", "{884A26DE-7003-5F89-C84F-CF133304549A}"
EndProject
Global
	GlobalSection(SolutionConfigurationPlatforms) = preSolution
		Debug|Any CPU = Debug|Any CPU
		Release|Any CPU = Release|Any CPU
	EndGlobalSection
	GlobalSection(ProjectConfigurationPlatforms) = postSolution
		{AB36F5A5-7435-A3AB-C999-3E3DC9C07367}.Debug|Any CPU.ActiveCfg = Debug|Any CPU
		{AB36F5A5-7435-A3AB-C999-3E3DC9C07367}.Debug|Any CPU.Build.0 = Debug|Any CPU
		{AB36F5A5-7435-A3AB-C999-3E3DC9C07367}.Release|Any CPU.ActiveCfg = Release|Any CPU
		{AB36F5A5-7435-A3AB-C999-3E3DC9C07367}.Release|Any CPU.Build.0 = Release|Any CPU
		{44BB83D0-D60F-C2DE-9B1F-6134A2CF4121}.Debug|Any CPU.ActiveCfg = Debug|Any CPU
		{44BB83D0-D60F-C2DE-9B1F-6134A2CF4121}.Debug|Any CPU.Build.0 = Debug|Any CPU
		{44BB83D0-D60F-C2DE-9B1F-6134A2CF4121}.Release|Any CPU.ActiveCfg = Release|Any CPU
		{44BB83D0-D60F-C2DE-9B1F-6134A2CF4121}.Release|Any CPU.Build.0 = Release|Any CPU
		{884A26DE-7003-5F89-C84F-CF133304549A}.Debug|Any CPU.ActiveCfg = Debug|Any CPU
		{884A26DE-7003-5F89-C84F-CF133304549A}.Debug|Any CPU.Build.0 = Debug|Any CPU
		{884A26DE-7003-5F89-C84F-CF133304549A}.Release|Any CPU.ActiveCfg = Release|Any CPU
		{884A26DE-7003-5F89-C84F-CF133304549A}.Release|Any CPU.Build.0 = Release|Any CPU
	EndGlobalSection
	GlobalSection(SolutionProperties) = preSolution
		HideSolutionNode = FALSE
	EndGlobalSection
	GlobalSection(MonoDevelopProperties) = preSolution
		StartupItem = Assembly-CSharp.csproj
	EndGlobalSection
EndGlobal
