
Microsoft Visual Studio Solution File, Format Version 12.00
# Visual Studio 15
Project("{FAE04EC0-301F-11D3-BF4B-00C04F79EFBC}") = "Assembly-CSharp", "Assembly-CSharp.csproj", "{9B56A33E-041D-DA74-B32E-FB3C4C99AB1B}"
EndProject
Project("{FAE04EC0-301F-11D3-BF4B-00C04F79EFBC}") = "Assembly-CSharp-firstpass", "Assembly-CSharp-firstpass.csproj", "{4B6AA0E5-54F4-3ED4-87F0-5FA387865513}"
EndProject
Project("{FAE04EC0-301F-11D3-BF4B-00C04F79EFBC}") = "Assembly-CSharp-Editor", "Assembly-CSharp-Editor.csproj", "{23BE0E2E-9AC4-F392-A176-FE7313787BF9}"
EndProject
Global
	GlobalSection(SolutionConfigurationPlatforms) = preSolution
		Debug|Any CPU = Debug|Any CPU
		Release|Any CPU = Release|Any CPU
	EndGlobalSection
	GlobalSection(ProjectConfigurationPlatforms) = postSolution
		{9B56A33E-041D-DA74-B32E-FB3C4C99AB1B}.Debug|Any CPU.ActiveCfg = Debug|Any CPU
		{9B56A33E-041D-DA74-B32E-FB3C4C99AB1B}.Debug|Any CPU.Build.0 = Debug|Any CPU
		{9B56A33E-041D-DA74-B32E-FB3C4C99AB1B}.Release|Any CPU.ActiveCfg = Release|Any CPU
		{9B56A33E-041D-DA74-B32E-FB3C4C99AB1B}.Release|Any CPU.Build.0 = Release|Any CPU
		{4B6AA0E5-54F4-3ED4-87F0-5FA387865513}.Debug|Any CPU.ActiveCfg = Debug|Any CPU
		{4B6AA0E5-54F4-3ED4-87F0-5FA387865513}.Debug|Any CPU.Build.0 = Debug|Any CPU
		{4B6AA0E5-54F4-3ED4-87F0-5FA387865513}.Release|Any CPU.ActiveCfg = Release|Any CPU
		{4B6AA0E5-54F4-3ED4-87F0-5FA387865513}.Release|Any CPU.Build.0 = Release|Any CPU
		{23BE0E2E-9AC4-F392-A176-FE7313787BF9}.Debug|Any CPU.ActiveCfg = Debug|Any CPU
		{23BE0E2E-9AC4-F392-A176-FE7313787BF9}.Debug|Any CPU.Build.0 = Debug|Any CPU
		{23BE0E2E-9AC4-F392-A176-FE7313787BF9}.Release|Any CPU.ActiveCfg = Release|Any CPU
		{23BE0E2E-9AC4-F392-A176-FE7313787BF9}.Release|Any CPU.Build.0 = Release|Any CPU
	EndGlobalSection
	GlobalSection(SolutionProperties) = preSolution
		HideSolutionNode = FALSE
	EndGlobalSection
	GlobalSection(MonoDevelopProperties) = preSolution
		StartupItem = Assembly-CSharp.csproj
	EndGlobalSection
EndGlobal
